PODS:
  - Amplitude-iOS (4.0.4)
  - BigInt (3.1.0):
    - SipHash (~> 1.2)
  - Crashlytics (3.10.9):
    - Fabric (~> 1.7.13)
  - CryptoSwift (0.10.0)
  - Fabric (1.7.13)
  - Firebase/Core (5.14.0):
    - Firebase/CoreOnly
    - FirebaseAnalytics (= 5.4.0)
  - Firebase/CoreOnly (5.14.0):
    - FirebaseCore (= 5.1.9)
  - Firebase/DynamicLinks (5.14.0):
    - Firebase/CoreOnly
    - FirebaseDynamicLinks (= 3.3.0)
  - Firebase/Messaging (5.14.0):
    - Firebase/CoreOnly
    - FirebaseMessaging (= 3.2.2)
  - Firebase/RemoteConfig (5.14.0):
    - Firebase/Core
    - FirebaseRemoteConfig (= 3.1.0)
  - FirebaseABTesting (2.0.0):
    - FirebaseCore (~> 5.0)
    - Protobuf (~> 3.5)
  - FirebaseAnalytics (5.4.0):
    - FirebaseCore (~> 5.1)
    - FirebaseInstanceID (~> 3.3)
    - GoogleAppMeasurement (= 5.4.0)
    - GoogleUtilities/AppDelegateSwizzler (~> 5.2)
    - GoogleUtilities/MethodSwizzler (~> 5.2)
    - GoogleUtilities/Network (~> 5.2)
    - "GoogleUtilities/NSData+zlib (~> 5.2)"
    - nanopb (~> 0.3)
  - FirebaseAnalyticsInterop (1.1.0)
  - FirebaseCore (5.1.9):
    - GoogleUtilities/Logger (~> 5.2)
  - FirebaseDynamicLinks (3.3.0):
    - FirebaseAnalytics (~> 5.1)
    - FirebaseAnalyticsInterop (~> 1.0)
    - FirebaseCore (~> 5.1)
  - FirebaseInstanceID (3.3.0):
    - FirebaseCore (~> 5.1)
    - GoogleUtilities/Environment (~> 5.3)
    - GoogleUtilities/UserDefaults (~> 5.3)
  - FirebaseMessaging (3.2.2):
    - FirebaseAnalyticsInterop (~> 1.1)
    - FirebaseCore (~> 5.1)
    - FirebaseInstanceID (~> 3.0)
    - GoogleUtilities/Environment (~> 5.2)
    - GoogleUtilities/Reachability (~> 5.2)
    - Protobuf (~> 3.1)
  - FirebaseRemoteConfig (3.1.0):
    - FirebaseABTesting (~> 2.0)
    - FirebaseAnalytics (~> 5.3)
    - FirebaseCore (~> 5.1)
    - FirebaseInstanceID (~> 3.3)
    - GoogleUtilities/Environment (~> 5.2)
    - "GoogleUtilities/NSData+zlib (~> 5.2)"
    - Protobuf (~> 3.5)
  - GoogleAppMeasurement (5.4.0):
    - GoogleUtilities/AppDelegateSwizzler (~> 5.2)
    - GoogleUtilities/MethodSwizzler (~> 5.2)
    - GoogleUtilities/Network (~> 5.2)
    - "GoogleUtilities/NSData+zlib (~> 5.2)"
    - nanopb (~> 0.3)
  - GoogleUtilities/AppDelegateSwizzler (5.3.6):
    - GoogleUtilities/Environment
    - GoogleUtilities/Logger
    - GoogleUtilities/Network
  - GoogleUtilities/Environment (5.3.6)
  - GoogleUtilities/Logger (5.3.6):
    - GoogleUtilities/Environment
  - GoogleUtilities/MethodSwizzler (5.3.6):
    - GoogleUtilities/Logger
  - GoogleUtilities/Network (5.3.6):
    - GoogleUtilities/Logger
    - "GoogleUtilities/NSData+zlib"
    - GoogleUtilities/Reachability
  - "GoogleUtilities/NSData+zlib (5.3.6)"
  - GoogleUtilities/Reachability (5.3.6):
    - GoogleUtilities/Logger
  - GoogleUtilities/UserDefaults (5.3.6):
    - GoogleUtilities/Logger
  - GrowingTextView (0.6.1)
  - KIF (3.7.4):
    - KIF/Core (= 3.7.4)
  - KIF/Core (3.7.4)
  - libsodium (1.0.12)
  - nanopb (0.3.901):
    - nanopb/decode (= 0.3.901)
    - nanopb/encode (= 0.3.901)
  - nanopb/decode (0.3.901)
  - nanopb/encode (0.3.901)
  - Popover (1.2.0)
  - PromiseKit (6.3.5):
    - PromiseKit/CorePromise (= 6.3.5)
    - PromiseKit/Foundation (= 6.3.5)
    - PromiseKit/UIKit (= 6.3.5)
  - PromiseKit/CorePromise (6.3.5)
  - PromiseKit/Foundation (6.3.5):
    - PromiseKit/CorePromise
  - PromiseKit/UIKit (6.3.5):
    - PromiseKit/CorePromise
  - Protobuf (3.6.1)
  - ReachabilitySwift (4.2.1)
  - Result (3.0.0)
  - SDWebImage (4.4.2):
    - SDWebImage/Core (= 4.4.2)
  - SDWebImage/Core (4.4.2)
  - secp256k1_ios (0.1.3)
  - SipHash (1.2.2)
  - SkeletonView (1.4)
  - SugarRecord/CoreData (3.0.3):
    - Result (~> 3.0)
  - VisualEffectView (3.1.0)
  - web3swift (1.1.1):
    - BigInt (~> 3.1.0)
    - CryptoSwift (~> 0.10.0)
    - libsodium (~> 1.0.12)
    - PromiseKit (~> 6.3.0)
    - Result (~> 3.0.0)
    - secp256k1_ios (~> 0.1.3)

DEPENDENCIES:
  - Amplitude-iOS (~> 4.0.4)
  - Crashlytics (~> 3.10.9)
  - Fabric (~> 1.7.13)
  - Firebase/Core (~> 5.14.0)
  - Firebase/DynamicLinks (~> 5.14.0)
  - Firebase/Messaging (~> 5.14.0)
  - Firebase/RemoteConfig (~> 5.14.0)
  - GrowingTextView (~> 0.6.1)
  - KIF
  - Popover (~> 1.2.0)
  - ReachabilitySwift (~> 4.2.1)
  - SDWebImage (~> 4.0)
  - SkeletonView (~> 1.4)
  - SugarRecord/CoreData (<= 3.1)
  - VisualEffectView (~> 3.1.0)
  - web3swift (<= 1.1.1)

SPEC REPOS:
  https://github.com/cocoapods/specs.git:
    - Amplitude-iOS
    - BigInt
    - Crashlytics
    - CryptoSwift
    - Fabric
    - Firebase
    - FirebaseABTesting
    - FirebaseAnalytics
    - FirebaseAnalyticsInterop
    - FirebaseCore
    - FirebaseDynamicLinks
    - FirebaseInstanceID
    - FirebaseMessaging
    - FirebaseRemoteConfig
    - GoogleAppMeasurement
    - GoogleUtilities
    - GrowingTextView
    - KIF
    - libsodium
    - nanopb
    - Popover
    - PromiseKit
    - Protobuf
    - ReachabilitySwift
    - Result
    - SDWebImage
    - secp256k1_ios
    - SipHash
    - SkeletonView
    - SugarRecord
    - VisualEffectView
    - web3swift

SPEC CHECKSUMS:
  Amplitude-iOS: 2ad4d7270c99186236c1272a3a9425463b1ae1a7
  BigInt: 76b5dfdfa3e2e478d4ffdf161aeede5502e2742f
  Crashlytics: 55e24fc23989680285a21cb1146578d9d18e432c
  CryptoSwift: 6c778d69282bed3b4e975ff97a79d074f20bb011
  Fabric: 25d0963b691fc97be566392243ff0ecef5a68338
  Firebase: 963d5685fae888a56d6d4d9cfce6b9c976958798
  FirebaseABTesting: 1f50b8d50f5e3469eea54e7463a7b7fe221d1f5e
  FirebaseAnalytics: c06f9d70577d79074214700a71fd5d39de5550fb
  FirebaseAnalyticsInterop: e5f21be9af6548372e2f0815834ff909bff395a2
  FirebaseCore: 8f49b70f57ab5cbb032ef41d64992ded21606459
  FirebaseDynamicLinks: c713da5f75c324f38fb2d57164bbc1c461aa6739
  FirebaseInstanceID: e2fa4cb35ef5558c200f7f0ad8a53e212215f93e
  FirebaseMessaging: b412996f6a09337d232bb3a6676ce4d1f353d024
  FirebaseRemoteConfig: 7e11c65f0769c09bff6947997c209515058c5318
  GoogleAppMeasurement: 98b71f5e04142793729a5ef23e5b96651ff4b70f
  GoogleUtilities: 95996bea7c7d9b8fb811b7507669a4a8762f80c7
  GrowingTextView: 335aefa45df7df06b01edede1363414d6ee5d6bc
  KIF: f3d01c109ee9d1cfe6b0f2bb2aa278e807e971e2
  libsodium: 9a8faa5ef2fa0d2d57bd7f7d79bf8fb7c1a9f0ea
  nanopb: 2901f78ea1b7b4015c860c2fdd1ea2fee1a18d48
  Popover: 28c1ac8e937ab2b3965bd2da7dd18324357abc41
  PromiseKit: 32c36425387e9cfc7f1206f27bfd906d0b53c0d6
  Protobuf: 1eb9700044745f00181c136ef21b8ff3ad5a0fd5
  ReachabilitySwift: 35720ffea59c1c76d15f885be77fd33e33985427
  Result: 1b3e431f37cbcd3ad89c6aa9ab0ae55515fae3b6
  SDWebImage: 624d6e296c69b244bcede364c72ae0430ac14681
  secp256k1_ios: ac9ef04e761f43c58012b28548afa91493761f17
  SipHash: fad90a4683e420c52ef28063063dbbce248ea6d4
  SkeletonView: 50f7a9b04e3a62bd0ae964859c19317fabaea367
  SugarRecord: 8bec9d426faf25769483d6814b0c7325c4f156ea
  VisualEffectView: 922eedf8d7d7e776a367ac11e0a4d4a0b2ba3545
  web3swift: 4b4e4a0dd16e7081b7190bf8596c5638f313a498

PODFILE CHECKSUM: 08ca0f1799bc352e81adae50fd8c82bcbd272f2a

COCOAPODS: 1.5.3
